// !$*UTF8*$!
{
	archiveVersion = 1;
	classes = {
	};
	objectVersion = 77;
	objects = {

/* Begin PBXContainerItemProxy section */
		C793D3FE2E279ACB00EE7867 /* PBXContainerItemProxy */ = {
			isa = PBXContainerItemProxy;
			containerPortal = C793D3E82E279ACA00EE7867 /* Project object */;
			proxyType = 1;
			remoteGlobalIDString = C793D3EF2E279ACA00EE7867;
			remoteInfo = DontStopMeow;
		};
		C793D4082E279ACB00EE7867 /* PBXContainerItemProxy */ = {
			isa = PBXContainerItemProxy;
			containerPortal = C793D3E82E279ACA00EE7867 /* Project object */;
			proxyType = 1;
			remoteGlobalIDString = C793D3EF2E279ACA00EE7867;
			remoteInfo = DontStopMeow;
		};
/* End PBXContainerItemProxy section */

/* Begin PBXFileReference section */
		C793D3F02E279ACA00EE7867 /* DontStopMeow.app */ = {isa = PBXFileReference; explicitFileType = wrapper.application; includeInIndex = 0; path = DontStopMeow.app; sourceTree = BUILT_PRODUCTS_DIR; };
		C793D3FD2E279ACB00EE7867 /* DontStopMeowTests.xctest */ = {isa = PBXFileReference; explicitFileType = wrapper.cfbundle; includeInIndex = 0; path = DontStopMeowTests.xctest; sourceTree = BUILT_PRODUCTS_DIR; };
		C793D4072E279ACB00EE7867 /* DontStopMeowUITests.xctest */ = {isa = PBXFileReference; explicitFileType = wrapper.cfbundle; includeInIndex = 0; path = DontStopMeowUITests.xctest; sourceTree = BUILT_PRODUCTS_DIR; };
/* End PBXFileReference section */

/* Begin PBXFileSystemSynchronizedRootGroup section */
		C793D3F22E279ACA00EE7867 /* DontStopMeow */ = {
			isa = PBXFileSystemSynchronizedRootGroup;
			path = DontStopMeow;
			sourceTree = "<group>";
		};
		C793D4002E279ACB00EE7867 /* DontStopMeowTests */ = {
			isa = PBXFileSystemSynchronizedRootGroup;
			path = DontStopMeowTests;
			sourceTree = "<group>";
		};
		C793D40A2E279ACB00EE7867 /* DontStopMeowUITests */ = {
			isa = PBXFileSystemSynchronizedRootGroup;
			path = DontStopMeowUITests;
			sourceTree = "<group>";
		};
/* End PBXFileSystemSynchronizedRootGroup section */

/* Begin PBXFrameworksBuildPhase section */
		C793D3ED2E279ACA00EE7867 /* Frameworks */ = {
			isa = PBXFrameworksBuildPhase;
			buildActionMask = 2147483647;
			files = (
			);
			runOnlyForDeploymentPostprocessing = 0;
		};
		C793D3FA2E279ACB00EE7867 /* Frameworks */ = {
			isa = PBXFrameworksBuildPhase;
			buildActionMask = 2147483647;
			files = (
			);
			runOnlyForDeploymentPostprocessing = 0;
		};
		C793D4042E279ACB00EE7867 /* Frameworks */ = {
			isa = PBXFrameworksBuildPhase;
			buildActionMask = 2147483647;
			files = (
			);
			runOnlyForDeploymentPostprocessing = 0;
		};
/* End PBXFrameworksBuildPhase section */

/* Begin PBXGroup section */
		C793D3E72E279ACA00EE7867 = {
			isa = PBXGroup;
			children = (
				C793D3F22E279ACA00EE7867 /* DontStopMeow */,
				C793D4002E279ACB00EE7867 /* DontStopMeowTests */,
				C793D40A2E279ACB00EE7867 /* DontStopMeowUITests */,
				C793D3F12E279ACA00EE7867 /* Products */,
			);
			sourceTree = "<group>";
		};
		C793D3F12E279ACA00EE7867 /* Products */ = {
			isa = PBXGroup;
			children = (
				C793D3F02E279ACA00EE7867 /* DontStopMeow.app */,
				C793D3FD2E279ACB00EE7867 /* DontStopMeowTests.xctest */,
				C793D4072E279ACB00EE7867 /* DontStopMeowUITests.xctest */,
			);
			name = Products;
			sourceTree = "<group>";
		};
/* End PBXGroup section */

/* Begin PBXNativeTarget section */
		C793D3EF2E279ACA00EE7867 /* DontStopMeow */ = {
			isa = PBXNativeTarget;
			buildConfigurationList = C793D4112E279ACB00EE7867 /* Build configuration list for PBXNativeTarget "DontStopMeow" */;
			buildPhases = (
				C793D3EC2E279ACA00EE7867 /* Sources */,
				C793D3ED2E279ACA00EE7867 /* Frameworks */,
				C793D3EE2E279ACA00EE7867 /* Resources */,
			);
			buildRules = (
			);
			dependencies = (
			);
			fileSystemSynchronizedGroups = (
				C793D3F22E279ACA00EE7867 /* DontStopMeow */,
			);
			name = DontStopMeow;
			packageProductDependencies = (
			);
			productName = DontStopMeow;
			productReference = C793D3F02E279ACA00EE7867 /* DontStopMeow.app */;
			productType = "com.apple.product-type.application";
		};
		C793D3FC2E279ACB00EE7867 /* DontStopMeowTests */ = {
			isa = PBXNativeTarget;
			buildConfigurationList = C793D4142E279ACB00EE7867 /* Build configuration list for PBXNativeTarget "DontStopMeowTests" */;
			buildPhases = (
				C793D3F92E279ACB00EE7867 /* Sources */,
				C793D3FA2E279ACB00EE7867 /* Frameworks */,
				C793D3FB2E279ACB00EE7867 /* Resources */,
			);
			buildRules = (
			);
			dependencies = (
				C793D3FF2E279ACB00EE7867 /* PBXTargetDependency */,
			);
			fileSystemSynchronizedGroups = (
				C793D4002E279ACB00EE7867 /* DontStopMeowTests */,
			);
			name = DontStopMeowTests;
			packageProductDependencies = (
			);
			productName = DontStopMeowTests;
			productReference = C793D3FD2E279ACB00EE7867 /* DontStopMeowTests.xctest */;
			productType = "com.apple.product-type.bundle.unit-test";
		};
		C793D4062E279ACB00EE7867 /* DontStopMeowUITests */ = {
			isa = PBXNativeTarget;
			buildConfigurationList = C793D4172E279ACB00EE7867 /* Build configuration list for PBXNativeTarget "DontStopMeowUITests" */;
			buildPhases = (
				C793D4032E279ACB00EE7867 /* Sources */,
				C793D4042E279ACB00EE7867 /* Frameworks */,
				C793D4052E279ACB00EE7867 /* Resources */,
			);
			buildRules = (
			);
			dependencies = (
				C793D4092E279ACB00EE7867 /* PBXTargetDependency */,
			);
			fileSystemSynchronizedGroups = (
				C793D40A2E279ACB00EE7867 /* DontStopMeowUITests */,
			);
			name = DontStopMeowUITests;
			packageProductDependencies = (
			);
			productName = DontStopMeowUITests;
			productReference = C793D4072E279ACB00EE7867 /* DontStopMeowUITests.xctest */;
			productType = "com.apple.product-type.bundle.ui-testing";
		};
/* End PBXNativeTarget section */

/* Begin PBXProject section */
		C793D3E82E279ACA00EE7867 /* Project object */ = {
			isa = PBXProject;
			attributes = {
				BuildIndependentTargetsInParallel = 1;
				LastSwiftUpdateCheck = 1640;
				LastUpgradeCheck = 1640;
				TargetAttributes = {
					C793D3EF2E279ACA00EE7867 = {
						CreatedOnToolsVersion = 16.4;
					};
					C793D3FC2E279ACB00EE7867 = {
						CreatedOnToolsVersion = 16.4;
						TestTargetID = C793D3EF2E279ACA00EE7867;
					};
					C793D4062E279ACB00EE7867 = {
						CreatedOnToolsVersion = 16.4;
						TestTargetID = C793D3EF2E279ACA00EE7867;
					};
				};
			};
			buildConfigurationList = C793D3EB2E279ACA00EE7867 /* Build configuration list for PBXProject "DontStopMeow" */;
			developmentRegion = en;
			hasScannedForEncodings = 0;
			knownRegions = (
				en,
				Base,
			);
			mainGroup = C793D3E72E279ACA00EE7867;
			minimizedProjectReferenceProxies = 1;
			preferredProjectObjectVersion = 77;
			productRefGroup = C793D3F12E279ACA00EE7867 /* Products */;
			projectDirPath = "";
			projectRoot = "";
			targets = (
				C793D3EF2E279ACA00EE7867 /* DontStopMeow */,
				C793D3FC2E279ACB00EE7867 /* DontStopMeowTests */,
				C793D4062E279ACB00EE7867 /* DontStopMeowUITests */,
			);
		};
/* End PBXProject section */

/* Begin PBXResourcesBuildPhase section */
		C793D3EE2E279ACA00EE7867 /* Resources */ = {
			isa = PBXResourcesBuildPhase;
			buildActionMask = 2147483647;
			files = (
			);
			runOnlyForDeploymentPostprocessing = 0;
		};
		C793D3FB2E279ACB00EE7867 /* Resources */ = {
			isa = PBXResourcesBuildPhase;
			buildActionMask = 2147483647;
			files = (
			);
			runOnlyForDeploymentPostprocessing = 0;
		};
		C793D4052E279ACB00EE7867 /* Resources */ = {
			isa = PBXResourcesBuildPhase;
			buildActionMask = 2147483647;
			files = (
			);
			runOnlyForDeploymentPostprocessing = 0;
		};
/* End PBXResourcesBuildPhase section */

/* Begin PBXSourcesBuildPhase section */
		C793D3EC2E279ACA00EE7867 /* Sources */ = {
			isa = PBXSourcesBuildPhase;
			buildActionMask = 2147483647;
			files = (
			);
			runOnlyForDeploymentPostprocessing = 0;
		};
		C793D3F92E279ACB00EE7867 /* Sources */ = {
			isa = PBXSourcesBuildPhase;
			buildActionMask = 2147483647;
			files = (
			);
			runOnlyForDeploymentPostprocessing = 0;
		};
		C793D4032E279ACB00EE7867 /* Sources */ = {
			isa = PBXSourcesBuildPhase;
			buildActionMask = 2147483647;
			files = (
			);
			runOnlyForDeploymentPostprocessing = 0;
		};
/* End PBXSourcesBuildPhase section */

/* Begin PBXTargetDependency section */
		C793D3FF2E279ACB00EE7867 /* PBXTargetDependency */ = {
			isa = PBXTargetDependency;
			target = C793D3EF2E279ACA00EE7867 /* DontStopMeow */;
			targetProxy = C793D3FE2E279ACB00EE7867 /* PBXContainerItemProxy */;
		};
		C793D4092E279ACB00EE7867 /* PBXTargetDependency */ = {
			isa = PBXTargetDependency;
			target = C793D3EF2E279ACA00EE7867 /* DontStopMeow */;
			targetProxy = C793D4082E279ACB00EE7867 /* PBXContainerItemProxy */;
		};
/* End PBXTargetDependency section */

/* Begin XCBuildConfiguration section */
		C793D40F2E279ACB00EE7867 /* Debug */ = {
			isa = XCBuildConfiguration;
			buildSettings = {
				ALWAYS_SEARCH_USER_PATHS = NO;
				ASSETCATALOG_COMPILER_GENERATE_SWIFT_ASSET_SYMBOL_EXTENSIONS = YES;
				CLANG_ANALYZER_NONNULL = YES;
				CLANG_ANALYZER_NUMBER_OBJECT_CONVERSION = YES_AGGRESSIVE;
				CLANG_CXX_LANGUAGE_STANDARD = "gnu++20";
				CLANG_ENABLE_MODULES = YES;
				CLANG_ENABLE_OBJC_ARC = YES;
				CLANG_ENABLE_OBJC_WEAK = YES;
				CLANG_WARN_BLOCK_CAPTURE_AUTORELEASING = YES;
				CLANG_WARN_BOOL_CONVERSION = YES;
				CLANG_WARN_COMMA = YES;
				CLANG_WARN_CONSTANT_CONVERSION = YES;
				CLANG_WARN_DEPRECATED_OBJC_IMPLEMENTATIONS = YES;
				CLANG_WARN_DIRECT_OBJC_ISA_USAGE = YES_ERROR;
				CLANG_WARN_DOCUMENTATION_COMMENTS = YES;
				CLANG_WARN_EMPTY_BODY = YES;
				CLANG_WARN_ENUM_CONVERSION = YES;
				CLANG_WARN_INFINITE_RECURSION = YES;
				CLANG_WARN_INT_CONVERSION = YES;
				CLANG_WARN_NON_LITERAL_NULL_CONVERSION = YES;
				CLANG_WARN_OBJC_IMPLICIT_RETAIN_SELF = YES;
				CLANG_WARN_OBJC_LITERAL_CONVERSION = YES;
				CLANG_WARN_OBJC_ROOT_CLASS = YES_ERROR;
				CLANG_WARN_QUOTED_INCLUDE_IN_FRAMEWORK_HEADER = YES;
				CLANG_WARN_RANGE_LOOP_ANALYSIS = YES;
				CLANG_WARN_STRICT_PROTOTYPES = YES;
				CLANG_WARN_SUSPICIOUS_MOVE = YES;
				CLANG_WARN_UNGUARDED_AVAILABILITY = YES_AGGRESSIVE;
				CLANG_WARN_UNREACHABLE_CODE = YES;
				CLANG_WARN__DUPLICATE_METHOD_MATCH = YES;
				COPY_PHASE_STRIP = NO;
				DEBUG_INFORMATION_FORMAT = dwarf;
				DEVELOPMENT_TEAM = RP5GZ99V95;
				ENABLE_STRICT_OBJC_MSGSEND = YES;
				ENABLE_TESTABILITY = YES;
				ENABLE_USER_SCRIPT_SANDBOXING = YES;
				GCC_C_LANGUAGE_STANDARD = gnu17;
				GCC_DYNAMIC_NO_PIC = NO;
				GCC_NO_COMMON_BLOCKS = YES;
				GCC_OPTIMIZATION_LEVEL = 0;
				GCC_PREPROCESSOR_DEFINITIONS = (
					"DEBUG=1",
					"$(inherited)",
				);
				GCC_WARN_64_TO_32_BIT_CONVERSION = YES;
				GCC_WARN_ABOUT_RETURN_TYPE = YES_ERROR;
				GCC_WARN_UNDECLARED_SELECTOR = YES;
				GCC_WARN_UNINITIALIZED_AUTOS = YES_AGGRESSIVE;
				GCC_WARN_UNUSED_FUNCTION = YES;
				GCC_WARN_UNUSED_VARIABLE = YES;
				IPHONEOS_DEPLOYMENT_TARGET = 18.5;
				LOCALIZATION_PREFERS_STRING_CATALOGS = YES;
				MTL_ENABLE_DEBUG_INFO = INCLUDE_SOURCE;
				MTL_FAST_MATH = YES;
				ONLY_ACTIVE_ARCH = YES;
				SDKROOT = iphoneos;
				SWIFT_ACTIVE_COMPILATION_CONDITIONS = "DEBUG $(inherited)";
				SWIFT_OPTIMIZATION_LEVEL = "-Onone";
			};
			name = Debug;
		};
		C793D4102E279ACB00EE7867 /* Release */ = {
			isa = XCBuildConfiguration;
			buildSettings = {
				ALWAYS_SEARCH_USER_PATHS = NO;
				ASSETCATALOG_COMPILER_GENERATE_SWIFT_ASSET_SYMBOL_EXTENSIONS = YES;
				CLANG_ANALYZER_NONNULL = YES;
				CLANG_ANALYZER_NUMBER_OBJECT_CONVERSION = YES_AGGRESSIVE;
				CLANG_CXX_LANGUAGE_STANDARD = "gnu++20";
				CLANG_ENABLE_MODULES = YES;
				CLANG_ENABLE_OBJC_ARC = YES;
				CLANG_ENABLE_OBJC_WEAK = YES;
				CLANG_WARN_BLOCK_CAPTURE_AUTORELEASING = YES;
				CLANG_WARN_BOOL_CONVERSION = YES;
				CLANG_WARN_COMMA = YES;
				CLANG_WARN_CONSTANT_CONVERSION = YES;
				CLANG_WARN_DEPRECATED_OBJC_IMPLEMENTATIONS = YES;
				CLANG_WARN_DIRECT_OBJC_ISA_USAGE = YES_ERROR;
				CLANG_WARN_DOCUMENTATION_COMMENTS = YES;
				CLANG_WARN_EMPTY_BODY = YES;
				CLANG_WARN_ENUM_CONVERSION = YES;
				CLANG_WARN_INFINITE_RECURSION = YES;
				CLANG_WARN_INT_CONVERSION = YES;
				CLANG_WARN_NON_LITERAL_NULL_CONVERSION = YES;
				CLANG_WARN_OBJC_IMPLICIT_RETAIN_SELF = YES;
				CLANG_WARN_OBJC_LITERAL_CONVERSION = YES;
				CLANG_WARN_OBJC_ROOT_CLASS = YES_ERROR;
				CLANG_WARN_QUOTED_INCLUDE_IN_FRAMEWORK_HEADER = YES;
				CLANG_WARN_RANGE_LOOP_ANALYSIS = YES;
				CLANG_WARN_STRICT_PROTOTYPES = YES;
				CLANG_WARN_SUSPICIOUS_MOVE = YES;
				CLANG_WARN_UNGUARDED_AVAILABILITY = YES_AGGRESSIVE;
				CLANG_WARN_UNREACHABLE_CODE = YES;
				CLANG_WARN__DUPLICATE_METHOD_MATCH = YES;
				COPY_PHASE_STRIP = NO;
				DEBUG_INFORMATION_FORMAT = "dwarf-with-dsym";
				DEVELOPMENT_TEAM = RP5GZ99V95;
				ENABLE_NS_ASSERTIONS = NO;
				ENABLE_STRICT_OBJC_MSGSEND = YES;
				ENABLE_USER_SCRIPT_SANDBOXING = YES;
				GCC_C_LANGUAGE_STANDARD = gnu17;
				GCC_NO_COMMON_BLOCKS = YES;
				GCC_WARN_64_TO_32_BIT_CONVERSION = YES;
				GCC_WARN_ABOUT_RETURN_TYPE = YES_ERROR;
				GCC_WARN_UNDECLARED_SELECTOR = YES;
				GCC_WARN_UNINITIALIZED_AUTOS = YES_AGGRESSIVE;
				GCC_WARN_UNUSED_FUNCTION = YES;
				GCC_WARN_UNUSED_VARIABLE = YES;
				IPHONEOS_DEPLOYMENT_TARGET = 18.5;
				LOCALIZATION_PREFERS_STRING_CATALOGS = YES;
				MTL_ENABLE_DEBUG_INFO = NO;
				MTL_FAST_MATH = YES;
				SDKROOT = iphoneos;
				SWIFT_COMPILATION_MODE = wholemodule;
				VALIDATE_PRODUCT = YES;
			};
			name = Release;
		};
		C793D4122E279ACB00EE7867 /* Debug */ = {
			isa = XCBuildConfiguration;
			buildSettings = {
				ASSETCATALOG_COMPILER_APPICON_NAME = AppIcon;
				ASSETCATALOG_COMPILER_GLOBAL_ACCENT_COLOR_NAME = AccentColor;
				CODE_SIGN_STYLE = Automatic;
				CURRENT_PROJECT_VERSION = 1;
				DEVELOPMENT_TEAM = RP5GZ99V95;
				ENABLE_PREVIEWS = YES;
				GENERATE_INFOPLIST_FILE = YES;
				INFOPLIST_KEY_UIApplicationSceneManifest_Generation = YES;
				INFOPLIST_KEY_UIApplicationSupportsIndirectInputEvents = YES;
				INFOPLIST_KEY_UILaunchScreen_Generation = YES;
				INFOPLIST_KEY_UISupportedInterfaceOrientations_iPad = "UIInterfaceOrientationPortrait UIInterfaceOrientationPortraitUpsideDown UIInterfaceOrientationLandscapeLeft UIInterfaceOrientationLandscapeRight";
				INFOPLIST_KEY_UISupportedInterfaceOrientations_iPhone = "UIInterfaceOrientationPortrait UIInterfaceOrientationLandscapeLeft UIInterfaceOrientationLandscapeRight";
				LD_RUNPATH_SEARCH_PATHS = (
					"$(inherited)",
					"@executable_path/Frameworks",
				);
				MARKETING_VERSION = 1.0;
				PRODUCT_BUNDLE_IDENTIFIER = com.gojaehyun.DontStopMeow;
				PRODUCT_NAME = "$(TARGET_NAME)";
				SWIFT_EMIT_LOC_STRINGS = YES;
				SWIFT_VERSION = 5.0;
				TARGETED_DEVICE_FAMILY = "1,2";
			};
			name = Debug;
		};
		C793D4132E279ACB00EE7867 /* Release */ = {
			isa = XCBuildConfiguration;
			buildSettings = {
				ASSETCATALOG_COMPILER_APPICON_NAME = AppIcon;
				ASSETCATALOG_COMPILER_GLOBAL_ACCENT_COLOR_NAME = AccentColor;
				CODE_SIGN_STYLE = Automatic;
				CURRENT_PROJECT_VERSION = 1;
				DEVELOPMENT_TEAM = RP5GZ99V95;
				ENABLE_PREVIEWS = YES;
				GENERATE_INFOPLIST_FILE = YES;
				INFOPLIST_KEY_UIApplicationSceneManifest_Generation = YES;
				INFOPLIST_KEY_UIApplicationSupportsIndirectInputEvents = YES;
				INFOPLIST_KEY_UILaunchScreen_Generation = YES;
				INFOPLIST_KEY_UISupportedInterfaceOrientations_iPad = "UIInterfaceOrientationPortrait UIInterfaceOrientationPortraitUpsideDown UIInterfaceOrientationLandscapeLeft UIInterfaceOrientationLandscapeRight";
				INFOPLIST_KEY_UISupportedInterfaceOrientations_iPhone = "UIInterfaceOrientationPortrait UIInterfaceOrientationLandscapeLeft UIInterfaceOrientationLandscapeRight";
				LD_RUNPATH_SEARCH_PATHS = (
					"$(inherited)",
					"@executable_path/Frameworks",
				);
				MARKETING_VERSION = 1.0;
				PRODUCT_BUNDLE_IDENTIFIER = com.gojaehyun.DontStopMeow;
				PRODUCT_NAME = "$(TARGET_NAME)";
				SWIFT_EMIT_LOC_STRINGS = YES;
				SWIFT_VERSION = 5.0;
				TARGETED_DEVICE_FAMILY = "1,2";
			};
			name = Release;
		};
		C793D4152E279ACB00EE7867 /* Debug */ = {
			isa = XCBuildConfiguration;
			buildSettings = {
				BUNDLE_LOADER = "$(TEST_HOST)";
				CODE_SIGN_STYLE = Automatic;
				CURRENT_PROJECT_VERSION = 1;
				DEVELOPMENT_TEAM = RP5GZ99V95;
				GENERATE_INFOPLIST_FILE = YES;
				IPHONEOS_DEPLOYMENT_TARGET = 18.5;
				MARKETING_VERSION = 1.0;
				PRODUCT_BUNDLE_IDENTIFIER = com.gojaehyun.DontStopMeowTests;
				PRODUCT_NAME = "$(TARGET_NAME)";
				SWIFT_EMIT_LOC_STRINGS = NO;
				SWIFT_VERSION = 5.0;
				TARGETED_DEVICE_FAMILY = "1,2";
				TEST_HOST = "$(BUILT_PRODUCTS_DIR)/DontStopMeow.app/$(BUNDLE_EXECUTABLE_FOLDER_PATH)/DontStopMeow";
			};
			name = Debug;
		};
		C793D4162E279ACB00EE7867 /* Release */ = {
			isa = XCBuildConfiguration;
			buildSettings = {
				BUNDLE_LOADER = "$(TEST_HOST)";
				CODE_SIGN_STYLE = Automatic;
				CURRENT_PROJECT_VERSION = 1;
				DEVELOPMENT_TEAM = RP5GZ99V95;
				GENERATE_INFOPLIST_FILE = YES;
				IPHONEOS_DEPLOYMENT_TARGET = 18.5;
				MARKETING_VERSION = 1.0;
				PRODUCT_BUNDLE_IDENTIFIER = com.gojaehyun.DontStopMeowTests;
				PRODUCT_NAME = "$(TARGET_NAME)";
				SWIFT_EMIT_LOC_STRINGS = NO;
				SWIFT_VERSION = 5.0;
				TARGETED_DEVICE_FAMILY = "1,2";
				TEST_HOST = "$(BUILT_PRODUCTS_DIR)/DontStopMeow.app/$(BUNDLE_EXECUTABLE_FOLDER_PATH)/DontStopMeow";
			};
			name = Release;
		};
		C793D4182E279ACB00EE7867 /* Debug */ = {
			isa = XCBuildConfiguration;
			buildSettings = {
				CODE_SIGN_STYLE = Automatic;
				CURRENT_PROJECT_VERSION = 1;
				DEVELOPMENT_TEAM = RP5GZ99V95;
				GENERATE_INFOPLIST_FILE = YES;
				MARKETING_VERSION = 1.0;
				PRODUCT_BUNDLE_IDENTIFIER = com.gojaehyun.DontStopMeowUITests;
				PRODUCT_NAME = "$(TARGET_NAME)";
				SWIFT_EMIT_LOC_STRINGS = NO;
				SWIFT_VERSION = 5.0;
				TARGETED_DEVICE_FAMILY = "1,2";
				TEST_TARGET_NAME = DontStopMeow;
			};
			name = Debug;
		};
		C793D4192E279ACB00EE7867 /* Release */ = {
			isa = XCBuildConfiguration;
			buildSettings = {
				CODE_SIGN_STYLE = Automatic;
				CURRENT_PROJECT_VERSION = 1;
				DEVELOPMENT_TEAM = RP5GZ99V95;
				GENERATE_INFOPLIST_FILE = YES;
				MARKETING_VERSION = 1.0;
				PRODUCT_BUNDLE_IDENTIFIER = com.gojaehyun.DontStopMeowUITests;
				PRODUCT_NAME = "$(TARGET_NAME)";
				SWIFT_EMIT_LOC_STRINGS = NO;
				SWIFT_VERSION = 5.0;
				TARGETED_DEVICE_FAMILY = "1,2";
				TEST_TARGET_NAME = DontStopMeow;
			};
			name = Release;
		};
/* End XCBuildConfiguration section */

/* Begin XCConfigurationList section */
		C793D3EB2E279ACA00EE7867 /* Build configuration list for PBXProject "DontStopMeow" */ = {
			isa = XCConfigurationList;
			buildConfigurations = (
				C793D40F2E279ACB00EE7867 /* Debug */,
				C793D4102E279ACB00EE7867 /* Release */,
			);
			defaultConfigurationIsVisible = 0;
			defaultConfigurationName = Release;
		};
		C793D4112E279ACB00EE7867 /* Build configuration list for PBXNativeTarget "DontStopMeow" */ = {
			isa = XCConfigurationList;
			buildConfigurations = (
				C793D4122E279ACB00EE7867 /* Debug */,
				C793D4132E279ACB00EE7867 /* Release */,
			);
			defaultConfigurationIsVisible = 0;
			defaultConfigurationName = Release;
		};
		C793D4142E279ACB00EE7867 /* Build configuration list for PBXNativeTarget "DontStopMeowTests" */ = {
			isa = XCConfigurationList;
			buildConfigurations = (
				C793D4152E279ACB00EE7867 /* Debug */,
				C793D4162E279ACB00EE7867 /* Release */,
			);
			defaultConfigurationIsVisible = 0;
			defaultConfigurationName = Release;
		};
		C793D4172E279ACB00EE7867 /* Build configuration list for PBXNativeTarget "DontStopMeowUITests" */ = {
			isa = XCConfigurationList;
			buildConfigurations = (
				C793D4182E279ACB00EE7867 /* Debug */,
				C793D4192E279ACB00EE7867 /* Release */,
			);
			defaultConfigurationIsVisible = 0;
			defaultConfigurationName = Release;
		};
/* End XCConfigurationList section */
	};
	rootObject = C793D3E82E279ACA00EE7867 /* Project object */;
}
